Microsoft Visual Studio Solution File, Format Version 12.00
# Visual Studio Version 17
VisualStudioVersion = 17.5.2.0
MinimumVisualStudioVersion = 10.0.40219.1
Project("{FAE04EC0-301F-11D3-BF4B-00C04F79EFBC}") = "MentalEase", "MentalEase\MentalEase.csproj", "{E9E2FC5C-F657-4EBE-AA38-1B150BEF1B3D}"
EndProject
Global
	GlobalSection(SolutionConfigurationPlatforms) = preSolution
		Debug|Any CPU = Debug|Any CPU
		Release|Any CPU = Release|Any CPU
	EndGlobalSection
	GlobalSection(ProjectConfigurationPlatforms) = postSolution
		{E9E2FC5C-F657-4EBE-AA38-1B150BEF1B3D}.Debug|Any CPU.ActiveCfg = Debug|Any CPU
		{E9E2FC5C-F657-4EBE-AA38-1B150BEF1B3D}.Debug|Any CPU.Build.0 = Debug|Any CPU
		{E9E2FC5C-F657-4EBE-AA38-1B150BEF1B3D}.Release|Any CPU.ActiveCfg = Release|Any CPU
		{E9E2FC5C-F657-4EBE-AA38-1B150BEF1B3D}.Release|Any CPU.Build.0 = Release|Any CPU
	EndGlobalSection
	GlobalSection(SolutionProperties) = preSolution
		HideSolutionNode = FALSE
	EndGlobalSection
	GlobalSection(ExtensibilityGlobals) = postSolution
		SolutionGuid = {AC33E0F6-4182-4816-BDC3-4E7ED2C9ACB8}
	EndGlobalSection
EndGlobal
